// !$*UTF8*$!
{
	archiveVersion = 1;
	classes = {
	};
	objectVersion = 50;
	objects = {

/* Begin PBXBuildFile section */
		E701F23C25B302D6003B0804 /* HttpStatusResponse.swift in Sources */ = {isa = PBXBuildFile; fileRef = E701F23B25B302D6003B0804 /* HttpStatusResponse.swift */; };
		E701F23F25B3051A003B0804 /* PhotoResponseType.swift in Sources */ = {isa = PBXBuildFile; fileRef = E701F23E25B3051A003B0804 /* PhotoResponseType.swift */; };
		E70D797625B1BC9F00A42F20 /* NetworkClient.swift in Sources */ = {isa = PBXBuildFile; fileRef = E70D797525B1BC9F00A42F20 /* NetworkClient.swift */; };
		E71A486B25BAF7C300343550 /* ErrorHandling.swift in Sources */ = {isa = PBXBuildFile; fileRef = E71A486A25BAF7C300343550 /* ErrorHandling.swift */; };
		E720F38125AF1C36005023B7 /* TravelLocationsViewController.swift in Sources */ = {isa = PBXBuildFile; fileRef = E720F38025AF1C36005023B7 /* TravelLocationsViewController.swift */; };
		E720F38425AF1C7E005023B7 /* PhotoAlbumViewController.swift in Sources */ = {isa = PBXBuildFile; fileRef = E720F38325AF1C7E005023B7 /* PhotoAlbumViewController.swift */; };
		E720F38A25AF2600005023B7 /* DataController.swift in Sources */ = {isa = PBXBuildFile; fileRef = E720F38925AF2600005023B7 /* DataController.swift */; };
		E794AEAF25AE0AF000411C7E /* AppDelegate.swift in Sources */ = {isa = PBXBuildFile; fileRef = E794AEAE25AE0AF000411C7E /* AppDelegate.swift */; };
		E794AEB125AE0AF000411C7E /* SceneDelegate.swift in Sources */ = {isa = PBXBuildFile; fileRef = E794AEB025AE0AF000411C7E /* SceneDelegate.swift */; };
		E794AEB625AE0AF000411C7E /* Main.storyboard in Resources */ = {isa = PBXBuildFile; fileRef = E794AEB425AE0AF000411C7E /* Main.storyboard */; };
		E794AEB925AE0AF000411C7E /* VirtualTourist.xcdatamodeld in Sources */ = {isa = PBXBuildFile; fileRef = E794AEB725AE0AF000411C7E /* VirtualTourist.xcdatamodeld */; };
		E794AEBB25AE0AF400411C7E /* Assets.xcassets in Resources */ = {isa = PBXBuildFile; fileRef = E794AEBA25AE0AF400411C7E /* Assets.xcassets */; };
		E794AEBE25AE0AF400411C7E /* LaunchScreen.storyboard in Resources */ = {isa = PBXBuildFile; fileRef = E794AEBC25AE0AF400411C7E /* LaunchScreen.storyboard */; };
		E7F45F3C25B57F0B00A7D130 /* PhotoCell.swift in Sources */ = {isa = PBXBuildFile; fileRef = E7F45F3B25B57F0B00A7D130 /* PhotoCell.swift */; };
		E7F5096025B0B62800D133BF /* Pin+Extension.swift in Sources */ = {isa = PBXBuildFile; fileRef = E7F5095F25B0B62800D133BF /* Pin+Extension.swift */; };
/* End PBXBuildFile section */

/* Begin PBXFileReference section */
		E701F23B25B302D6003B0804 /* HttpStatusResponse.swift */ = {isa = PBXFileReference; lastKnownFileType = sourcecode.swift; path = HttpStatusResponse.swift; sourceTree = "<group>"; };
		E701F23E25B3051A003B0804 /* PhotoResponseType.swift */ = {isa = PBXFileReference; lastKnownFileType = sourcecode.swift; path = PhotoResponseType.swift; sourceTree = "<group>"; };
		E70D797525B1BC9F00A42F20 /* NetworkClient.swift */ = {isa = PBXFileReference; lastKnownFileType = sourcecode.swift; path = NetworkClient.swift; sourceTree = "<group>"; };
		E71A486A25BAF7C300343550 /* ErrorHandling.swift */ = {isa = PBXFileReference; lastKnownFileType = sourcecode.swift; path = ErrorHandling.swift; sourceTree = "<group>"; };
		E720F38025AF1C36005023B7 /* TravelLocationsViewController.swift */ = {isa = PBXFileReference; lastKnownFileType = sourcecode.swift; path = TravelLocationsViewController.swift; sourceTree = "<group>"; };
		E720F38325AF1C7E005023B7 /* PhotoAlbumViewController.swift */ = {isa = PBXFileReference; lastKnownFileType = sourcecode.swift; path = PhotoAlbumViewController.swift; sourceTree = "<group>"; };
		E720F38925AF2600005023B7 /* DataController.swift */ = {isa = PBXFileReference; lastKnownFileType = sourcecode.swift; path = DataController.swift; sourceTree = "<group>"; };
		E794AEAB25AE0AF000411C7E /* VirtualTourist.app */ = {isa = PBXFileReference; explicitFileType = wrapper.application; includeInIndex = 0; path = VirtualTourist.app; sourceTree = BUILT_PRODUCTS_DIR; };
		E794AEAE25AE0AF000411C7E /* AppDelegate.swift */ = {isa = PBXFileReference; lastKnownFileType = sourcecode.swift; path = AppDelegate.swift; sourceTree = "<group>"; };
		E794AEB025AE0AF000411C7E /* SceneDelegate.swift */ = {isa = PBXFileReference; lastKnownFileType = sourcecode.swift; path = SceneDelegate.swift; sourceTree = "<group>"; };
		E794AEB525AE0AF000411C7E /* Base */ = {isa = PBXFileReference; lastKnownFileType = file.storyboard; name = Base; path = Base.lproj/Main.storyboard; sourceTree = "<group>"; };
		E794AEB825AE0AF000411C7E /* VirtualTourist.xcdatamodel */ = {isa = PBXFileReference; lastKnownFileType = wrapper.xcdatamodel; path = VirtualTourist.xcdatamodel; sourceTree = "<group>"; };
		E794AEBA25AE0AF400411C7E /* Assets.xcassets */ = {isa = PBXFileReference; lastKnownFileType = folder.assetcatalog; path = Assets.xcassets; sourceTree = "<group>"; };
		E794AEBD25AE0AF400411C7E /* Base */ = {isa = PBXFileReference; lastKnownFileType = file.storyboard; name = Base; path = Base.lproj/LaunchScreen.storyboard; sourceTree = "<group>"; };
		E794AEBF25AE0AF400411C7E /* Info.plist */ = {isa = PBXFileReference; lastKnownFileType = text.plist.xml; path = Info.plist; sourceTree = "<group>"; };
		E7F45F3B25B57F0B00A7D130 /* PhotoCell.swift */ = {isa = PBXFileReference; lastKnownFileType = sourcecode.swift; path = PhotoCell.swift; sourceTree = "<group>"; };
		E7F5095F25B0B62800D133BF /* Pin+Extension.swift */ = {isa = PBXFileReference; lastKnownFileType = sourcecode.swift; path = "Pin+Extension.swift"; sourceTree = "<group>"; };
/* End PBXFileReference section */

/* Begin PBXFrameworksBuildPhase section */
		E794AEA825AE0AF000411C7E /* Frameworks */ = {
			isa = PBXFrameworksBuildPhase;
			buildActionMask = 2147483647;
			files = (
			);
			runOnlyForDeploymentPostprocessing = 0;
		};
/* End PBXFrameworksBuildPhase section */

/* Begin PBXGroup section */
		E701F24125B36EFE003B0804 /* Network */ = {
			isa = PBXGroup;
			children = (
				E70D797525B1BC9F00A42F20 /* NetworkClient.swift */,
				E701F23B25B302D6003B0804 /* HttpStatusResponse.swift */,
				E701F23E25B3051A003B0804 /* PhotoResponseType.swift */,
			);
			path = Network;
			sourceTree = "<group>";
		};
		E70D797425B1BC6000A42F20 /* Assets */ = {
			isa = PBXGroup;
			children = (
				E794AEBA25AE0AF400411C7E /* Assets.xcassets */,
			);
			path = Assets;
			sourceTree = "<group>";
		};
		E71A486325BAF2B300343550 /* View */ = {
			isa = PBXGroup;
			children = (
				E7F45F3B25B57F0B00A7D130 /* PhotoCell.swift */,
			);
			path = View;
			sourceTree = "<group>";
		};
		E71A486425BAF37000343550 /* Storyboards */ = {
			isa = PBXGroup;
			children = (
				E794AEB425AE0AF000411C7E /* Main.storyboard */,
				E794AEBC25AE0AF400411C7E /* LaunchScreen.storyboard */,
			);
			path = Storyboards;
			sourceTree = "<group>";
		};
		E71A486925BAF71B00343550 /* Managed Object Extensions */ = {
			isa = PBXGroup;
			children = (
				E7F5095F25B0B62800D133BF /* Pin+Extension.swift */,
			);
			path = "Managed Object Extensions";
			sourceTree = "<group>";
		};
		E720F38625AF1CA1005023B7 /* View Controllers */ = {
			isa = PBXGroup;
			children = (
				E720F38025AF1C36005023B7 /* TravelLocationsViewController.swift */,
				E720F38325AF1C7E005023B7 /* PhotoAlbumViewController.swift */,
			);
			path = "View Controllers";
			sourceTree = "<group>";
		};
		E794AEA225AE0AF000411C7E = {
			isa = PBXGroup;
			children = (
				E794AEAD25AE0AF000411C7E /* VirtualTourist */,
				E794AEAC25AE0AF000411C7E /* Products */,
			);
			sourceTree = "<group>";
		};
		E794AEAC25AE0AF000411C7E /* Products */ = {
			isa = PBXGroup;
			children = (
				E794AEAB25AE0AF000411C7E /* VirtualTourist.app */,
			);
			name = Products;
			sourceTree = "<group>";
		};
		E794AEAD25AE0AF000411C7E /* VirtualTourist */ = {
			isa = PBXGroup;
			children = (
				E794AEAE25AE0AF000411C7E /* AppDelegate.swift */,
				E794AEB025AE0AF000411C7E /* SceneDelegate.swift */,
				E794AEC625AE0B2100411C7E /* Model */,
				E720F38625AF1CA1005023B7 /* View Controllers */,
				E71A486325BAF2B300343550 /* View */,
				E71A486425BAF37000343550 /* Storyboards */,
				E70D797425B1BC6000A42F20 /* Assets */,
				E794AEBF25AE0AF400411C7E /* Info.plist */,
				E71A486A25BAF7C300343550 /* ErrorHandling.swift */,
			);
			path = VirtualTourist;
			sourceTree = "<group>";
		};
		E794AEC625AE0B2100411C7E /* Model */ = {
			isa = PBXGroup;
			children = (
				E794AEB725AE0AF000411C7E /* VirtualTourist.xcdatamodeld */,
				E720F38925AF2600005023B7 /* DataController.swift */,
				E71A486925BAF71B00343550 /* Managed Object Extensions */,
				E701F24125B36EFE003B0804 /* Network */,
			);
			path = Model;
			sourceTree = "<group>";
		};
/* End PBXGroup section */

/* Begin PBXNativeTarget section */
		E794AEAA25AE0AF000411C7E /* VirtualTourist */ = {
			isa = PBXNativeTarget;
			buildConfigurationList = E794AEC225AE0AF400411C7E /* Build configuration list for PBXNativeTarget "VirtualTourist" */;
			buildPhases = (
				E794AEA725AE0AF000411C7E /* Sources */,
				E794AEA825AE0AF000411C7E /* Frameworks */,
				E794AEA925AE0AF000411C7E /* Resources */,
			);
			buildRules = (
			);
			dependencies = (
			);
			name = VirtualTourist;
			productName = VirtualTourist;
			productReference = E794AEAB25AE0AF000411C7E /* VirtualTourist.app */;
			productType = "com.apple.product-type.application";
		};
/* End PBXNativeTarget section */

/* Begin PBXProject section */
		E794AEA325AE0AF000411C7E /* Project object */ = {
			isa = PBXProject;
			attributes = {
				LastSwiftUpdateCheck = 1230;
				LastUpgradeCheck = 1230;
				TargetAttributes = {
					E794AEAA25AE0AF000411C7E = {
						CreatedOnToolsVersion = 12.3;
					};
				};
			};
			buildConfigurationList = E794AEA625AE0AF000411C7E /* Build configuration list for PBXProject "VirtualTourist" */;
			compatibilityVersion = "Xcode 9.3";
			developmentRegion = en;
			hasScannedForEncodings = 0;
			knownRegions = (
				en,
				Base,
			);
			mainGroup = E794AEA225AE0AF000411C7E;
			productRefGroup = E794AEAC25AE0AF000411C7E /* Products */;
			projectDirPath = "";
			projectRoot = "";
			targets = (
				E794AEAA25AE0AF000411C7E /* VirtualTourist */,
			);
		};
/* End PBXProject section */

/* Begin PBXResourcesBuildPhase section */
		E794AEA925AE0AF000411C7E /* Resources */ = {
			isa = PBXResourcesBuildPhase;
			buildActionMask = 2147483647;
			files = (
				E794AEBE25AE0AF400411C7E /* LaunchScreen.storyboard in Resources */,
				E794AEBB25AE0AF400411C7E /* Assets.xcassets in Resources */,
				E794AEB625AE0AF000411C7E /* Main.storyboard in Resources */,
			);
			runOnlyForDeploymentPostprocessing = 0;
		};
/* End PBXResourcesBuildPhase section */

/* Begin PBXSourcesBuildPhase section */
		E794AEA725AE0AF000411C7E /* Sources */ = {
			isa = PBXSourcesBuildPhase;
			buildActionMask = 2147483647;
			files = (
				E701F23C25B302D6003B0804 /* HttpStatusResponse.swift in Sources */,
				E720F38A25AF2600005023B7 /* DataController.swift in Sources */,
				E7F5096025B0B62800D133BF /* Pin+Extension.swift in Sources */,
				E794AEB925AE0AF000411C7E /* VirtualTourist.xcdatamodeld in Sources */,
				E794AEAF25AE0AF000411C7E /* AppDelegate.swift in Sources */,
				E701F23F25B3051A003B0804 /* PhotoResponseType.swift in Sources */,
				E720F38125AF1C36005023B7 /* TravelLocationsViewController.swift in Sources */,
				E794AEB125AE0AF000411C7E /* SceneDelegate.swift in Sources */,
				E720F38425AF1C7E005023B7 /* PhotoAlbumViewController.swift in Sources */,
				E71A486B25BAF7C300343550 /* ErrorHandling.swift in Sources */,
				E7F45F3C25B57F0B00A7D130 /* PhotoCell.swift in Sources */,
				E70D797625B1BC9F00A42F20 /* NetworkClient.swift in Sources */,
			);
			runOnlyForDeploymentPostprocessing = 0;
		};
/* End PBXSourcesBuildPhase section */

/* Begin PBXVariantGroup section */
		E794AEB425AE0AF000411C7E /* Main.storyboard */ = {
			isa = PBXVariantGroup;
			children = (
				E794AEB525AE0AF000411C7E /* Base */,
			);
			name = Main.storyboard;
			sourceTree = "<group>";
		};
		E794AEBC25AE0AF400411C7E /* LaunchScreen.storyboard */ = {
			isa = PBXVariantGroup;
			children = (
				E794AEBD25AE0AF400411C7E /* Base */,
			);
			name = LaunchScreen.storyboard;
			sourceTree = "<group>";
		};
/* End PBXVariantGroup section */

/* Begin XCBuildConfiguration section */
		E794AEC025AE0AF400411C7E /* Debug */ = {
			isa = XCBuildConfiguration;
			buildSettings = {
				ALWAYS_SEARCH_USER_PATHS = NO;
				CLANG_ANALYZER_NONNULL = YES;
				CLANG_ANALYZER_NUMBER_OBJECT_CONVERSION = YES_AGGRESSIVE;
				CLANG_CXX_LANGUAGE_STANDARD = "gnu++14";
				CLANG_CXX_LIBRARY = "libc++";
				CLANG_ENABLE_MODULES = YES;
				CLANG_ENABLE_OBJC_ARC = YES;
				CLANG_ENABLE_OBJC_WEAK = YES;
				CLANG_WARN_BLOCK_CAPTURE_AUTORELEASING = YES;
				CLANG_WARN_BOOL_CONVERSION = YES;
				CLANG_WARN_COMMA = YES;
				CLANG_WARN_CONSTANT_CONVERSION = YES;
				CLANG_WARN_DEPRECATED_OBJC_IMPLEMENTATIONS = YES;
				CLANG_WARN_DIRECT_OBJC_ISA_USAGE = YES_ERROR;
				CLANG_WARN_DOCUMENTATION_COMMENTS = YES;
				CLANG_WARN_EMPTY_BODY = YES;
				CLANG_WARN_ENUM_CONVERSION = YES;
				CLANG_WARN_INFINITE_RECURSION = YES;
				CLANG_WARN_INT_CONVERSION = YES;
				CLANG_WARN_NON_LITERAL_NULL_CONVERSION = YES;
				CLANG_WARN_OBJC_IMPLICIT_RETAIN_SELF = YES;
				CLANG_WARN_OBJC_LITERAL_CONVERSION = YES;
				CLANG_WARN_OBJC_ROOT_CLASS = YES_ERROR;
				CLANG_WARN_QUOTED_INCLUDE_IN_FRAMEWORK_HEADER = YES;
				CLANG_WARN_RANGE_LOOP_ANALYSIS = YES;
				CLANG_WARN_STRICT_PROTOTYPES = YES;
				CLANG_WARN_SUSPICIOUS_MOVE = YES;
				CLANG_WARN_UNGUARDED_AVAILABILITY = YES_AGGRESSIVE;
				CLANG_WARN_UNREACHABLE_CODE = YES;
				CLANG_WARN__DUPLICATE_METHOD_MATCH = YES;
				COPY_PHASE_STRIP = NO;
				DEBUG_INFORMATION_FORMAT = dwarf;
				ENABLE_STRICT_OBJC_MSGSEND = YES;
				ENABLE_TESTABILITY = YES;
				GCC_C_LANGUAGE_STANDARD = gnu11;
				GCC_DYNAMIC_NO_PIC = NO;
				GCC_NO_COMMON_BLOCKS = YES;
				GCC_OPTIMIZATION_LEVEL = 0;
				GCC_PREPROCESSOR_DEFINITIONS = (
					"DEBUG=1",
					"$(inherited)",
				);
				GCC_WARN_64_TO_32_BIT_CONVERSION = YES;
				GCC_WARN_ABOUT_RETURN_TYPE = YES_ERROR;
				GCC_WARN_UNDECLARED_SELECTOR = YES;
				GCC_WARN_UNINITIALIZED_AUTOS = YES_AGGRESSIVE;
				GCC_WARN_UNUSED_FUNCTION = YES;
				GCC_WARN_UNUSED_VARIABLE = YES;
				IPHONEOS_DEPLOYMENT_TARGET = 14.3;
				MTL_ENABLE_DEBUG_INFO = INCLUDE_SOURCE;
				MTL_FAST_MATH = YES;
				ONLY_ACTIVE_ARCH = YES;
				SDKROOT = iphoneos;
				SWIFT_ACTIVE_COMPILATION_CONDITIONS = DEBUG;
				SWIFT_OPTIMIZATION_LEVEL = "-Onone";
			};
			name = Debug;
		};
		E794AEC125AE0AF400411C7E /* Release */ = {
			isa = XCBuildConfiguration;
			buildSettings = {
				ALWAYS_SEARCH_USER_PATHS = NO;
				CLANG_ANALYZER_NONNULL = YES;
				CLANG_ANALYZER_NUMBER_OBJECT_CONVERSION = YES_AGGRESSIVE;
				CLANG_CXX_LANGUAGE_STANDARD = "gnu++14";
				CLANG_CXX_LIBRARY = "libc++";
				CLANG_ENABLE_MODULES = YES;
				CLANG_ENABLE_OBJC_ARC = YES;
				CLANG_ENABLE_OBJC_WEAK = YES;
				CLANG_WARN_BLOCK_CAPTURE_AUTORELEASING = YES;
				CLANG_WARN_BOOL_CONVERSION = YES;
				CLANG_WARN_COMMA = YES;
				CLANG_WARN_CONSTANT_CONVERSION = YES;
				CLANG_WARN_DEPRECATED_OBJC_IMPLEMENTATIONS = YES;
				CLANG_WARN_DIRECT_OBJC_ISA_USAGE = YES_ERROR;
				CLANG_WARN_DOCUMENTATION_COMMENTS = YES;
				CLANG_WARN_EMPTY_BODY = YES;
				CLANG_WARN_ENUM_CONVERSION = YES;
				CLANG_WARN_INFINITE_RECURSION = YES;
				CLANG_WARN_INT_CONVERSION = YES;
				CLANG_WARN_NON_LITERAL_NULL_CONVERSION = YES;
				CLANG_WARN_OBJC_IMPLICIT_RETAIN_SELF = YES;
				CLANG_WARN_OBJC_LITERAL_CONVERSION = YES;
				CLANG_WARN_OBJC_ROOT_CLASS = YES_ERROR;
				CLANG_WARN_QUOTED_INCLUDE_IN_FRAMEWORK_HEADER = YES;
				CLANG_WARN_RANGE_LOOP_ANALYSIS = YES;
				CLANG_WARN_STRICT_PROTOTYPES = YES;
				CLANG_WARN_SUSPICIOUS_MOVE = YES;
				CLANG_WARN_UNGUARDED_AVAILABILITY = YES_AGGRESSIVE;
				CLANG_WARN_UNREACHABLE_CODE = YES;
				CLANG_WARN__DUPLICATE_METHOD_MATCH = YES;
				COPY_PHASE_STRIP = NO;
				DEBUG_INFORMATION_FORMAT = "dwarf-with-dsym";
				ENABLE_NS_ASSERTIONS = NO;
				ENABLE_STRICT_OBJC_MSGSEND = YES;
				GCC_C_LANGUAGE_STANDARD = gnu11;
				GCC_NO_COMMON_BLOCKS = YES;
				GCC_WARN_64_TO_32_BIT_CONVERSION = YES;
				GCC_WARN_ABOUT_RETURN_TYPE = YES_ERROR;
				GCC_WARN_UNDECLARED_SELECTOR = YES;
				GCC_WARN_UNINITIALIZED_AUTOS = YES_AGGRESSIVE;
				GCC_WARN_UNUSED_FUNCTION = YES;
				GCC_WARN_UNUSED_VARIABLE = YES;
				IPHONEOS_DEPLOYMENT_TARGET = 14.3;
				MTL_ENABLE_DEBUG_INFO = NO;
				MTL_FAST_MATH = YES;
				SDKROOT = iphoneos;
				SWIFT_COMPILATION_MODE = wholemodule;
				SWIFT_OPTIMIZATION_LEVEL = "-O";
				VALIDATE_PRODUCT = YES;
			};
			name = Release;
		};
		E794AEC325AE0AF400411C7E /* Debug */ = {
			isa = XCBuildConfiguration;
			buildSettings = {
				ASSETCATALOG_COMPILER_APPICON_NAME = AppIcon;
				ASSETCATALOG_COMPILER_GLOBAL_ACCENT_COLOR_NAME = AccentColor;
				CODE_SIGN_STYLE = Automatic;
				DEVELOPMENT_TEAM = XZ4VHUWLDF;
				INFOPLIST_FILE = VirtualTourist/Info.plist;
				LD_RUNPATH_SEARCH_PATHS = (
					"$(inherited)",
					"@executable_path/Frameworks",
				);
				PRODUCT_BUNDLE_IDENTIFIER = de.arnoseidel.udacity.VirtualTourist;
				PRODUCT_NAME = "$(TARGET_NAME)";
				SWIFT_VERSION = 5.0;
				TARGETED_DEVICE_FAMILY = "1,2";
			};
			name = Debug;
		};
		E794AEC425AE0AF400411C7E /* Release */ = {
			isa = XCBuildConfiguration;
			buildSettings = {
				ASSETCATALOG_COMPILER_APPICON_NAME = AppIcon;
				ASSETCATALOG_COMPILER_GLOBAL_ACCENT_COLOR_NAME = AccentColor;
				CODE_SIGN_STYLE = Automatic;
				DEVELOPMENT_TEAM = XZ4VHUWLDF;
				INFOPLIST_FILE = VirtualTourist/Info.plist;
				LD_RUNPATH_SEARCH_PATHS = (
					"$(inherited)",
					"@executable_path/Frameworks",
				);
				PRODUCT_BUNDLE_IDENTIFIER = de.arnoseidel.udacity.VirtualTourist;
				PRODUCT_NAME = "$(TARGET_NAME)";
				SWIFT_VERSION = 5.0;
				TARGETED_DEVICE_FAMILY = "1,2";
			};
			name = Release;
		};
/* End XCBuildConfiguration section */

/* Begin XCConfigurationList section */
		E794AEA625AE0AF000411C7E /* Build configuration list for PBXProject "VirtualTourist" */ = {
			isa = XCConfigurationList;
			buildConfigurations = (
				E794AEC025AE0AF400411C7E /* Debug */,
				E794AEC125AE0AF400411C7E /* Release */,
			);
			defaultConfigurationIsVisible = 0;
			defaultConfigurationName = Release;
		};
		E794AEC225AE0AF400411C7E /* Build configuration list for PBXNativeTarget "VirtualTourist" */ = {
			isa = XCConfigurationList;
			buildConfigurations = (
				E794AEC325AE0AF400411C7E /* Debug */,
				E794AEC425AE0AF400411C7E /* Release */,
			);
			defaultConfigurationIsVisible = 0;
			defaultConfigurationName = Release;
		};
/* End XCConfigurationList section */

/* Begin XCVersionGroup section */
		E794AEB725AE0AF000411C7E /* VirtualTourist.xcdatamodeld */ = {
			isa = XCVersionGroup;
			children = (
				E794AEB825AE0AF000411C7E /* VirtualTourist.xcdatamodel */,
			);
			currentVersion = E794AEB825AE0AF000411C7E /* VirtualTourist.xcdatamodel */;
			path = VirtualTourist.xcdatamodeld;
			sourceTree = "<group>";
			versionGroupType = wrapper.xcdatamodel;
		};
/* End XCVersionGroup section */
	};
	rootObject = E794AEA325AE0AF000411C7E /* Project object */;
}
